{
  "originHash" : "8f88fa74b2dfdbad97b45e62c3e24b487896b1740df9d299e38a7a9332b4feb1",
  "pins" : [
    {
      "identity" : "ios-corebluetooth-mock",
      "kind" : "remoteSourceControl",
      "location" : "https://github.com/NordicSemiconductor/IOS-CoreBluetooth-Mock",
      "state" : {
        "revision" : "a6bc354a97948fddcf0fa8d1ad707b9e88b21fbd",
        "version" : "1.0.2"
      }
    }
  ],
  "version" : 3
}
